
Microsoft Visual Studio Solution File, Format Version 12.00
# Visual Studio 15
VisualStudioVersion = 15.0.27130.2036
MinimumVisualStudioVersion = 10.0.40219.1
Project("{FAE04EC0-301F-11D3-BF4B-00C04F79EFBC}") = "NorthwindDb_Capstone", "NorthwindDb_Capstone\NorthwindDb_Capstone.csproj", "{543F0E75-A99A-468B-82B1-9EDB7A6D24B8}"
EndProject
Global
	GlobalSection(SolutionConfigurationPlatforms) = preSolution
		Debug|Any CPU = Debug|Any CPU
		Release|Any CPU = Release|Any CPU
	EndGlobalSection
	GlobalSection(ProjectConfigurationPlatforms) = postSolution
		{543F0E75-A99A-468B-82B1-9EDB7A6D24B8}.Debug|Any CPU.ActiveCfg = Debug|Any CPU
		{543F0E75-A99A-468B-82B1-9EDB7A6D24B8}.Debug|Any CPU.Build.0 = Debug|Any CPU
		{543F0E75-A99A-468B-82B1-9EDB7A6D24B8}.Release|Any CPU.ActiveCfg = Release|Any CPU
		{543F0E75-A99A-468B-82B1-9EDB7A6D24B8}.Release|Any CPU.Build.0 = Release|Any CPU
	EndGlobalSection
	GlobalSection(SolutionProperties) = preSolution
		HideSolutionNode = FALSE
	EndGlobalSection
	GlobalSection(ExtensibilityGlobals) = postSolution
		SolutionGuid = {CE3BB486-2CBA-4E7F-9B7B-712AAF17CC17}
	EndGlobalSection
EndGlobal
